
Microsoft Visual Studio Solution File, Format Version 12.00
# Visual Studio Version 17
VisualStudioVersion = 17.6.33815.320
MinimumVisualStudioVersion = 10.0.40219.1
Project("{FAE04EC0-301F-11D3-BF4B-00C04F79EFBC}") = "Programación estructurada", "Programación estructurada\Programación estructurada.csproj", "{CA754336-84E3-49C6-84C3-80F23A94220B}"
EndProject
Global
	GlobalSection(SolutionConfigurationPlatforms) = preSolution
		Debug|Any CPU = Debug|Any CPU
		Release|Any CPU = Release|Any CPU
	EndGlobalSection
	GlobalSection(ProjectConfigurationPlatforms) = postSolution
		{CA754336-84E3-49C6-84C3-80F23A94220B}.Debug|Any CPU.ActiveCfg = Debug|Any CPU
		{CA754336-84E3-49C6-84C3-80F23A94220B}.Debug|Any CPU.Build.0 = Debug|Any CPU
		{CA754336-84E3-49C6-84C3-80F23A94220B}.Release|Any CPU.ActiveCfg = Release|Any CPU
		{CA754336-84E3-49C6-84C3-80F23A94220B}.Release|Any CPU.Build.0 = Release|Any CPU
	EndGlobalSection
	GlobalSection(SolutionProperties) = preSolution
		HideSolutionNode = FALSE
	EndGlobalSection
	GlobalSection(ExtensibilityGlobals) = postSolution
		SolutionGuid = {E3F09E68-8015-4937-B773-BCA646F48683}
	EndGlobalSection
EndGlobal
